
Microsoft Visual Studio Solution File, Format Version 12.00
# Visual Studio Version 16
VisualStudioVersion = 16.0.29609.76
MinimumVisualStudioVersion = 10.0.40219.1
Project("{9A19103F-16F7-4668-BE54-9A1E7A4F7556}") = "Tekus.Servicios.Pruebas", "Tekus.Servicios.Console\Tekus.Servicios.Pruebas.csproj", "{EF61F039-F771-4A8C-9046-2AE33AA80873}"
EndProject
Project("{9A19103F-16F7-4668-BE54-9A1E7A4F7556}") = "Tekus.Entidades", "Tekus.Entities\Tekus.Entidades.csproj", "{F207911F-4D6C-4065-B627-EDD25D40295A}"
EndProject
Project("{FAE04EC0-301F-11D3-BF4B-00C04F79EFBC}") = "Tekus.Datos", "Tekus.Datos\Tekus.Datos.csproj", "{76EADA25-220E-46D5-B7BA-380A28B0AC5C}"
EndProject
Project("{FAE04EC0-301F-11D3-BF4B-00C04F79EFBC}") = "Tekus.REST", "Tekus.REST\Tekus.REST.csproj", "{EB03B7DB-1256-4D73-8F6B-5DE40E6EFF19}"
EndProject
Global
	GlobalSection(SolutionConfigurationPlatforms) = preSolution
		Debug|Any CPU = Debug|Any CPU
		Release|Any CPU = Release|Any CPU
	EndGlobalSection
	GlobalSection(ProjectConfigurationPlatforms) = postSolution
		{EF61F039-F771-4A8C-9046-2AE33AA80873}.Debug|Any CPU.ActiveCfg = Debug|Any CPU
		{EF61F039-F771-4A8C-9046-2AE33AA80873}.Debug|Any CPU.Build.0 = Debug|Any CPU
		{EF61F039-F771-4A8C-9046-2AE33AA80873}.Release|Any CPU.ActiveCfg = Release|Any CPU
		{EF61F039-F771-4A8C-9046-2AE33AA80873}.Release|Any CPU.Build.0 = Release|Any CPU
		{F207911F-4D6C-4065-B627-EDD25D40295A}.Debug|Any CPU.ActiveCfg = Debug|Any CPU
		{F207911F-4D6C-4065-B627-EDD25D40295A}.Debug|Any CPU.Build.0 = Debug|Any CPU
		{F207911F-4D6C-4065-B627-EDD25D40295A}.Release|Any CPU.ActiveCfg = Release|Any CPU
		{F207911F-4D6C-4065-B627-EDD25D40295A}.Release|Any CPU.Build.0 = Release|Any CPU
		{76EADA25-220E-46D5-B7BA-380A28B0AC5C}.Debug|Any CPU.ActiveCfg = Debug|Any CPU
		{76EADA25-220E-46D5-B7BA-380A28B0AC5C}.Debug|Any CPU.Build.0 = Debug|Any CPU
		{76EADA25-220E-46D5-B7BA-380A28B0AC5C}.Release|Any CPU.ActiveCfg = Release|Any CPU
		{76EADA25-220E-46D5-B7BA-380A28B0AC5C}.Release|Any CPU.Build.0 = Release|Any CPU
		{EB03B7DB-1256-4D73-8F6B-5DE40E6EFF19}.Debug|Any CPU.ActiveCfg = Debug|Any CPU
		{EB03B7DB-1256-4D73-8F6B-5DE40E6EFF19}.Debug|Any CPU.Build.0 = Debug|Any CPU
		{EB03B7DB-1256-4D73-8F6B-5DE40E6EFF19}.Release|Any CPU.ActiveCfg = Release|Any CPU
		{EB03B7DB-1256-4D73-8F6B-5DE40E6EFF19}.Release|Any CPU.Build.0 = Release|Any CPU
	EndGlobalSection
	GlobalSection(SolutionProperties) = preSolution
		HideSolutionNode = FALSE
	EndGlobalSection
	GlobalSection(ExtensibilityGlobals) = postSolution
		SolutionGuid = {AF8878A2-E15E-457B-AF94-E6A35B0D27E0}
	EndGlobalSection
EndGlobal
